
Microsoft Visual Studio Solution File, Format Version 12.00
# Visual Studio Version 16
VisualStudioVersion = 16.0.32228.343
MinimumVisualStudioVersion = 10.0.40219.1
Project("{FAE04EC0-301F-11D3-BF4B-00C04F79EFBC}") = "ProfitsChallange", "ProfitsChallange\ProfitsChallange.csproj", "{958763A7-0E8F-484B-BBFD-8C4231227113}"
EndProject
Global
	GlobalSection(SolutionConfigurationPlatforms) = preSolution
		Debug|Any CPU = Debug|Any CPU
		Release|Any CPU = Release|Any CPU
	EndGlobalSection
	GlobalSection(ProjectConfigurationPlatforms) = postSolution
		{958763A7-0E8F-484B-BBFD-8C4231227113}.Debug|Any CPU.ActiveCfg = Debug|Any CPU
		{958763A7-0E8F-484B-BBFD-8C4231227113}.Debug|Any CPU.Build.0 = Debug|Any CPU
		{958763A7-0E8F-484B-BBFD-8C4231227113}.Release|Any CPU.ActiveCfg = Release|Any CPU
		{958763A7-0E8F-484B-BBFD-8C4231227113}.Release|Any CPU.Build.0 = Release|Any CPU
	EndGlobalSection
	GlobalSection(SolutionProperties) = preSolution
		HideSolutionNode = FALSE
	EndGlobalSection
	GlobalSection(ExtensibilityGlobals) = postSolution
		SolutionGuid = {24D2B7AF-99E6-4F13-88EC-434FF02FBD22}
	EndGlobalSection
EndGlobal
